schema: '2.0'
stages:
  load_data:
    cmd: python src/load_data.py
    deps:
    - path: src/utils/snowflake.py
      hash: md5
      md5: 1d62ca7115114dbae64dc7b6a993b0e4
      size: 1069
    params:
      params.yaml:
        model.source_data: https://raw.githubusercontent.com/mwaskom/seaborn-data/master/titanic.csv
    outs:
    - path: data/raw/titanic.csv
      hash: md5
      md5: 8019fd24deb0f9e90b6149ccbe90e8bc
      size: 57018
  featurization:
    cmd: python src/featurization.py
    deps:
    - path: data/raw/titanic.csv
      hash: md5
      md5: 8019fd24deb0f9e90b6149ccbe90e8bc
      size: 57018
    - path: src/featurization.py
      hash: md5
      md5: 66cfbfd45de9745b686d395d5ef0b43f
      size: 2149
    - path: src/load_data.py
      hash: md5
      md5: 9c1a051f3b006547e8876761303733c4
      size: 573
    - path: src/utils/common.py
      hash: md5
      md5: 391be8b6ea23ec4ca3a12e0c17375c44
      size: 5298
    - path: src/utils/snowflake.py
      hash: md5
      md5: 1d62ca7115114dbae64dc7b6a993b0e4
      size: 1069
    outs:
    - path: data/featurized/titanic.csv
      hash: md5
      md5: f934e422a404f40ffef0d83c0ad4828b
      size: 58008
