schema: '2.0'
stages:
  load_data:
    cmd: python src/load_data.py
    deps:
    - path: src/utils/snowflake.py
      hash: md5
      md5: 1d62ca7115114dbae64dc7b6a993b0e4
      size: 1069
    params:
      params.yaml:
        model.source_data: https://raw.githubusercontent.com/mwaskom/seaborn-data/master/titanic.csv
    outs:
    - path: data/raw/titanic.csv
      hash: md5
      md5: 8019fd24deb0f9e90b6149ccbe90e8bc
      size: 57018
  featurization:
    cmd: python src/featurization.py
    deps:
    - path: data/raw/titanic.csv
      hash: md5
      md5: 8019fd24deb0f9e90b6149ccbe90e8bc
      size: 57018
    - path: src/featurization.py
      hash: md5
      md5: ad5717849a6256db21ab72402b7fb3d5
      size: 1825
    - path: src/load_data.py
      hash: md5
      md5: 61989a10a9ef0f5ab2741745aff99b9b
      size: 604
    - path: src/utils/common.py
      hash: md5
      md5: 391be8b6ea23ec4ca3a12e0c17375c44
      size: 5298
    - path: src/utils/snowflake.py
      hash: md5
      md5: 1d62ca7115114dbae64dc7b6a993b0e4
      size: 1069
    outs:
    - path: data/featurized/titanic.csv
      hash: md5
      md5: da1edd1b7956ab03bc0f7855f75f633e
      size: 16708
    - path: models/featurized/featurized.pkl
      hash: md5
      md5: 9bdd4f15b82013579abde26da5ada8e5
      size: 3745
